
Microsoft Visual Studio Solution File, Format Version 12.00
# Visual Studio Version 17
VisualStudioVersion = 17.6.33712.159
MinimumVisualStudioVersion = 10.0.40219.1
Project("{FAE04EC0-301F-11D3-BF4B-00C04F79EFBC}") = "PROGTestWebsite", "PROGTestWebsite\PROGTestWebsite.csproj", "{94E32324-619B-499C-9EA0-2CCE0DD72DA7}"
EndProject
Global
	GlobalSection(SolutionConfigurationPlatforms) = preSolution
		Debug|Any CPU = Debug|Any CPU
		Release|Any CPU = Release|Any CPU
	EndGlobalSection
	GlobalSection(ProjectConfigurationPlatforms) = postSolution
		{94E32324-619B-499C-9EA0-2CCE0DD72DA7}.Debug|Any CPU.ActiveCfg = Debug|Any CPU
		{94E32324-619B-499C-9EA0-2CCE0DD72DA7}.Debug|Any CPU.Build.0 = Debug|Any CPU
		{94E32324-619B-499C-9EA0-2CCE0DD72DA7}.Release|Any CPU.ActiveCfg = Release|Any CPU
		{94E32324-619B-499C-9EA0-2CCE0DD72DA7}.Release|Any CPU.Build.0 = Release|Any CPU
	EndGlobalSection
	GlobalSection(SolutionProperties) = preSolution
		HideSolutionNode = FALSE
	EndGlobalSection
	GlobalSection(ExtensibilityGlobals) = postSolution
		SolutionGuid = {AE620816-EFDA-4276-B957-D09F14198349}
	EndGlobalSection
EndGlobal
